
Microsoft Visual Studio Solution File, Format Version 12.00
# Visual Studio 14
VisualStudioVersion = 14.0.25420.1
MinimumVisualStudioVersion = 10.0.40219.1
Project("{8BC9CEB8-8B4A-11D0-8D11-00A0C91BC942}") = "FirstPositionOfTarget", "FirstPositionOfTarget\FirstPositionOfTarget.vcxproj", "{F32DACB2-A60B-475D-9EF7-DE2AD7EC7A25}"
EndProject
Project("{8BC9CEB8-8B4A-11D0-8D11-00A0C91BC942}") = "Fibonacci", "Fibonacci\Fibonacci.vcxproj", "{BFB6979A-D35E-4621-A9E1-6D039F8789FD}"
EndProject
Project("{8BC9CEB8-8B4A-11D0-8D11-00A0C91BC942}") = "BigIntegerMultiplication", "BigIntegerMultiplication\BigIntegerMultiplication.vcxproj", "{C9F24E84-2CCB-4FEB-A1AD-E855EDB2D66B}"
EndProject
Project("{8BC9CEB8-8B4A-11D0-8D11-00A0C91BC942}") = "BigIntegerAddition", "BigIntegerAddition\BigIntegerAddition.vcxproj", "{6202E453-2259-4010-8CAA-53222818DC02}"
EndProject
Project("{8BC9CEB8-8B4A-11D0-8D11-00A0C91BC942}") = "IntersectionOfTwoArrays", "IntersectionOfTwoArrays\IntersectionOfTwoArrays.vcxproj", "{0A63F998-9522-4953-B23F-33A961E8EF17}"
EndProject
Project("{8BC9CEB8-8B4A-11D0-8D11-00A0C91BC942}") = "InsertionSortList", "InsertionSortList\InsertionSortList.vcxproj", "{E1B8E9CF-E0AB-4ABE-B79D-00D24CC4E076}"
EndProject
Project("{8BC9CEB8-8B4A-11D0-8D11-00A0C91BC942}") = "ReversePairs", "ReversePairs\ReversePairs.vcxproj", "{1991A2F2-5940-4B2C-B8AA-BB531F35AAAC}"
EndProject
Project("{8BC9CEB8-8B4A-11D0-8D11-00A0C91BC942}") = "DigitCounts", "DigitCounts\DigitCounts.vcxproj", "{16EF7155-0607-4F01-9310-75E65B2D7822}"
EndProject
Project("{8BC9CEB8-8B4A-11D0-8D11-00A0C91BC942}") = "TrailingZeros", "TrailingZeros\TrailingZeros.vcxproj", "{7BFD6191-3063-4748-979E-57B0434081A0}"
EndProject
Project("{8BC9CEB8-8B4A-11D0-8D11-00A0C91BC942}") = "UglyNumberII", "UglyNumberII\UglyNumberII.vcxproj", "{C4929FBE-6D99-4E0F-BD80-5E802483E3E0}"
EndProject
Project("{8BC9CEB8-8B4A-11D0-8D11-00A0C91BC942}") = "MergeTwoSortedArrays", "MergeTwoSortedArrays\MergeTwoSortedArrays.vcxproj", "{5EACE1D7-D50E-4E8C-AF9F-8C199FE61C0B}"
EndProject
Project("{8BC9CEB8-8B4A-11D0-8D11-00A0C91BC942}") = "BinaryTreeSerialization", "BinaryTreeSerialization\BinaryTreeSerialization.vcxproj", "{6D1261FF-2C83-4283-9B58-662C430C4658}"
EndProject
Project("{8BC9CEB8-8B4A-11D0-8D11-00A0C91BC942}") = "RotateString", "RotateString\RotateString.vcxproj", "{4020F7FB-C720-4008-8B17-CEC7921D3F9B}"
EndProject
Project("{8BC9CEB8-8B4A-11D0-8D11-00A0C91BC942}") = "ReverseLinkedList", "ReverseLinkedList\ReverseLinkedList.vcxproj", "{5385A73E-EF2D-4526-8303-1BAF6B5F468A}"
EndProject
Project("{8BC9CEB8-8B4A-11D0-8D11-00A0C91BC942}") = "NQueens", "NQueens\NQueens.vcxproj", "{EC9973CF-9BBF-4A36-8C51-62DB57CF1087}"
EndProject
Project("{8BC9CEB8-8B4A-11D0-8D11-00A0C91BC942}") = "ImplementQueueByTwoStacks", "ImplementQueueByTwoStacks\ImplementQueueByTwoStacks.vcxproj", "{4A086953-9414-4B1F-9D58-8E9595C96325}"
EndProject
Project("{8BC9CEB8-8B4A-11D0-8D11-00A0C91BC942}") = "MinStack", "MinStack\MinStack.vcxproj", "{0486BDAA-9545-488E-B877-D2FB8CBF598D}"
EndProject
Project("{8BC9CEB8-8B4A-11D0-8D11-00A0C91BC942}") = "SortList", "SortList\SortList.vcxproj", "{E9373145-BAAF-4BBB-9C1C-C67C949CFD84}"
EndProject
Project("{8BC9CEB8-8B4A-11D0-8D11-00A0C91BC942}") = "SearchRangeInBinarySearchTree", "SearchRangeInBinarySearchTree\SearchRangeInBinarySearchTree.vcxproj", "{9E3E796E-60B0-4FDB-B9A0-49287296987C}"
EndProject
Project("{8BC9CEB8-8B4A-11D0-8D11-00A0C91BC942}") = "Permutations", "Permutations\Permutations.vcxproj", "{D4118E77-AF16-4C3E-B110-8ACB4689E793}"
EndProject
Project("{8BC9CEB8-8B4A-11D0-8D11-00A0C91BC942}") = "BinaryTreePreorderTraversal", "BinaryTreePreorderTraversal\BinaryTreePreorderTraversal.vcxproj", "{710D4CFB-7385-4FBC-954E-163643A2F70D}"
EndProject
Project("{8BC9CEB8-8B4A-11D0-8D11-00A0C91BC942}") = "BinaryTreeInorderTraversal", "BinaryTreeInorderTraversal\BinaryTreeInorderTraversal.vcxproj", "{7597F226-2812-45A0-B685-77DD55804375}"
EndProject
Project("{8BC9CEB8-8B4A-11D0-8D11-00A0C91BC942}") = "BinaryTreePostorderTraversal", "BinaryTreePostorderTraversal\BinaryTreePostorderTraversal.vcxproj", "{DA39B849-74FA-4857-85D0-DF11A93A2370}"
EndProject
Project("{8BC9CEB8-8B4A-11D0-8D11-00A0C91BC942}") = "MedianOfTwoSortedArrays", "MedianOfTwoSortedArrays\MedianOfTwoSortedArrays.vcxproj", "{F03A0CDD-8685-4210-B732-B6D53117AFB6}"
EndProject
Project("{8BC9CEB8-8B4A-11D0-8D11-00A0C91BC942}") = "StrStr", "StrStr\StrStr.vcxproj", "{095A409B-92A1-46E7-B4E9-E7E2ABAF952F}"
EndProject
Project("{8BC9CEB8-8B4A-11D0-8D11-00A0C91BC942}") = "RotateList", "RotateList\RotateList.vcxproj", "{098DD7F1-A820-4EB4-93CE-2890A163E7DD}"
EndProject
Project("{8BC9CEB8-8B4A-11D0-8D11-00A0C91BC942}") = "ReorderList", "ReorderList\ReorderList.vcxproj", "{D400E860-F605-474E-BC56-65265AF06DA7}"
EndProject
Project("{8BC9CEB8-8B4A-11D0-8D11-00A0C91BC942}") = "BackPack", "Backpack\Backpack.vcxproj", "{0D5475B8-5DBB-409D-80BC-F746625AA350}"
EndProject
Project("{8BC9CEB8-8B4A-11D0-8D11-00A0C91BC942}") = "KthLargestElement", "KthLargestElement\KthLargestElement.vcxproj", "{EEC65613-2C54-4FDF-9FE5-FDFB8AF15F8F}"
EndProject
Project("{8BC9CEB8-8B4A-11D0-8D11-00A0C91BC942}") = "PartitionList", "PartitionList\PartitionList.vcxproj", "{B5E8D3D0-9BB7-4A19-8331-8CAC887CEBE3}"
EndProject
Global
	GlobalSection(SolutionConfigurationPlatforms) = preSolution
		Debug|x64 = Debug|x64
		Debug|x86 = Debug|x86
		Release|x64 = Release|x64
		Release|x86 = Release|x86
	EndGlobalSection
	GlobalSection(ProjectConfigurationPlatforms) = postSolution
		{F32DACB2-A60B-475D-9EF7-DE2AD7EC7A25}.Debug|x64.ActiveCfg = Debug|x64
		{F32DACB2-A60B-475D-9EF7-DE2AD7EC7A25}.Debug|x64.Build.0 = Debug|x64
		{F32DACB2-A60B-475D-9EF7-DE2AD7EC7A25}.Debug|x86.ActiveCfg = Debug|Win32
		{F32DACB2-A60B-475D-9EF7-DE2AD7EC7A25}.Debug|x86.Build.0 = Debug|Win32
		{F32DACB2-A60B-475D-9EF7-DE2AD7EC7A25}.Release|x64.ActiveCfg = Release|x64
		{F32DACB2-A60B-475D-9EF7-DE2AD7EC7A25}.Release|x64.Build.0 = Release|x64
		{F32DACB2-A60B-475D-9EF7-DE2AD7EC7A25}.Release|x86.ActiveCfg = Release|Win32
		{F32DACB2-A60B-475D-9EF7-DE2AD7EC7A25}.Release|x86.Build.0 = Release|Win32
		{BFB6979A-D35E-4621-A9E1-6D039F8789FD}.Debug|x64.ActiveCfg = Debug|x64
		{BFB6979A-D35E-4621-A9E1-6D039F8789FD}.Debug|x64.Build.0 = Debug|x64
		{BFB6979A-D35E-4621-A9E1-6D039F8789FD}.Debug|x86.ActiveCfg = Debug|Win32
		{BFB6979A-D35E-4621-A9E1-6D039F8789FD}.Debug|x86.Build.0 = Debug|Win32
		{BFB6979A-D35E-4621-A9E1-6D039F8789FD}.Release|x64.ActiveCfg = Release|x64
		{BFB6979A-D35E-4621-A9E1-6D039F8789FD}.Release|x64.Build.0 = Release|x64
		{BFB6979A-D35E-4621-A9E1-6D039F8789FD}.Release|x86.ActiveCfg = Release|Win32
		{BFB6979A-D35E-4621-A9E1-6D039F8789FD}.Release|x86.Build.0 = Release|Win32
		{C9F24E84-2CCB-4FEB-A1AD-E855EDB2D66B}.Debug|x64.ActiveCfg = Debug|x64
		{C9F24E84-2CCB-4FEB-A1AD-E855EDB2D66B}.Debug|x64.Build.0 = Debug|x64
		{C9F24E84-2CCB-4FEB-A1AD-E855EDB2D66B}.Debug|x86.ActiveCfg = Debug|Win32
		{C9F24E84-2CCB-4FEB-A1AD-E855EDB2D66B}.Debug|x86.Build.0 = Debug|Win32
		{C9F24E84-2CCB-4FEB-A1AD-E855EDB2D66B}.Release|x64.ActiveCfg = Release|x64
		{C9F24E84-2CCB-4FEB-A1AD-E855EDB2D66B}.Release|x64.Build.0 = Release|x64
		{C9F24E84-2CCB-4FEB-A1AD-E855EDB2D66B}.Release|x86.ActiveCfg = Release|Win32
		{C9F24E84-2CCB-4FEB-A1AD-E855EDB2D66B}.Release|x86.Build.0 = Release|Win32
		{6202E453-2259-4010-8CAA-53222818DC02}.Debug|x64.ActiveCfg = Debug|x64
		{6202E453-2259-4010-8CAA-53222818DC02}.Debug|x64.Build.0 = Debug|x64
		{6202E453-2259-4010-8CAA-53222818DC02}.Debug|x86.ActiveCfg = Debug|Win32
		{6202E453-2259-4010-8CAA-53222818DC02}.Debug|x86.Build.0 = Debug|Win32
		{6202E453-2259-4010-8CAA-53222818DC02}.Release|x64.ActiveCfg = Release|x64
		{6202E453-2259-4010-8CAA-53222818DC02}.Release|x64.Build.0 = Release|x64
		{6202E453-2259-4010-8CAA-53222818DC02}.Release|x86.ActiveCfg = Release|Win32
		{6202E453-2259-4010-8CAA-53222818DC02}.Release|x86.Build.0 = Release|Win32
		{0A63F998-9522-4953-B23F-33A961E8EF17}.Debug|x64.ActiveCfg = Debug|x64
		{0A63F998-9522-4953-B23F-33A961E8EF17}.Debug|x64.Build.0 = Debug|x64
		{0A63F998-9522-4953-B23F-33A961E8EF17}.Debug|x86.ActiveCfg = Debug|Win32
		{0A63F998-9522-4953-B23F-33A961E8EF17}.Debug|x86.Build.0 = Debug|Win32
		{0A63F998-9522-4953-B23F-33A961E8EF17}.Release|x64.ActiveCfg = Release|x64
		{0A63F998-9522-4953-B23F-33A961E8EF17}.Release|x64.Build.0 = Release|x64
		{0A63F998-9522-4953-B23F-33A961E8EF17}.Release|x86.ActiveCfg = Release|Win32
		{0A63F998-9522-4953-B23F-33A961E8EF17}.Release|x86.Build.0 = Release|Win32
		{E1B8E9CF-E0AB-4ABE-B79D-00D24CC4E076}.Debug|x64.ActiveCfg = Debug|x64
		{E1B8E9CF-E0AB-4ABE-B79D-00D24CC4E076}.Debug|x64.Build.0 = Debug|x64
		{E1B8E9CF-E0AB-4ABE-B79D-00D24CC4E076}.Debug|x86.ActiveCfg = Debug|Win32
		{E1B8E9CF-E0AB-4ABE-B79D-00D24CC4E076}.Debug|x86.Build.0 = Debug|Win32
		{E1B8E9CF-E0AB-4ABE-B79D-00D24CC4E076}.Release|x64.ActiveCfg = Release|x64
		{E1B8E9CF-E0AB-4ABE-B79D-00D24CC4E076}.Release|x64.Build.0 = Release|x64
		{E1B8E9CF-E0AB-4ABE-B79D-00D24CC4E076}.Release|x86.ActiveCfg = Release|Win32
		{E1B8E9CF-E0AB-4ABE-B79D-00D24CC4E076}.Release|x86.Build.0 = Release|Win32
		{1991A2F2-5940-4B2C-B8AA-BB531F35AAAC}.Debug|x64.ActiveCfg = Debug|x64
		{1991A2F2-5940-4B2C-B8AA-BB531F35AAAC}.Debug|x64.Build.0 = Debug|x64
		{1991A2F2-5940-4B2C-B8AA-BB531F35AAAC}.Debug|x86.ActiveCfg = Debug|Win32
		{1991A2F2-5940-4B2C-B8AA-BB531F35AAAC}.Debug|x86.Build.0 = Debug|Win32
		{1991A2F2-5940-4B2C-B8AA-BB531F35AAAC}.Release|x64.ActiveCfg = Release|x64
		{1991A2F2-5940-4B2C-B8AA-BB531F35AAAC}.Release|x64.Build.0 = Release|x64
		{1991A2F2-5940-4B2C-B8AA-BB531F35AAAC}.Release|x86.ActiveCfg = Release|Win32
		{1991A2F2-5940-4B2C-B8AA-BB531F35AAAC}.Release|x86.Build.0 = Release|Win32
		{16EF7155-0607-4F01-9310-75E65B2D7822}.Debug|x64.ActiveCfg = Debug|x64
		{16EF7155-0607-4F01-9310-75E65B2D7822}.Debug|x64.Build.0 = Debug|x64
		{16EF7155-0607-4F01-9310-75E65B2D7822}.Debug|x86.ActiveCfg = Debug|Win32
		{16EF7155-0607-4F01-9310-75E65B2D7822}.Debug|x86.Build.0 = Debug|Win32
		{16EF7155-0607-4F01-9310-75E65B2D7822}.Release|x64.ActiveCfg = Release|x64
		{16EF7155-0607-4F01-9310-75E65B2D7822}.Release|x64.Build.0 = Release|x64
		{16EF7155-0607-4F01-9310-75E65B2D7822}.Release|x86.ActiveCfg = Release|Win32
		{16EF7155-0607-4F01-9310-75E65B2D7822}.Release|x86.Build.0 = Release|Win32
		{7BFD6191-3063-4748-979E-57B0434081A0}.Debug|x64.ActiveCfg = Debug|x64
		{7BFD6191-3063-4748-979E-57B0434081A0}.Debug|x64.Build.0 = Debug|x64
		{7BFD6191-3063-4748-979E-57B0434081A0}.Debug|x86.ActiveCfg = Debug|Win32
		{7BFD6191-3063-4748-979E-57B0434081A0}.Debug|x86.Build.0 = Debug|Win32
		{7BFD6191-3063-4748-979E-57B0434081A0}.Release|x64.ActiveCfg = Release|x64
		{7BFD6191-3063-4748-979E-57B0434081A0}.Release|x64.Build.0 = Release|x64
		{7BFD6191-3063-4748-979E-57B0434081A0}.Release|x86.ActiveCfg = Release|Win32
		{7BFD6191-3063-4748-979E-57B0434081A0}.Release|x86.Build.0 = Release|Win32
		{C4929FBE-6D99-4E0F-BD80-5E802483E3E0}.Debug|x64.ActiveCfg = Debug|x64
		{C4929FBE-6D99-4E0F-BD80-5E802483E3E0}.Debug|x64.Build.0 = Debug|x64
		{C4929FBE-6D99-4E0F-BD80-5E802483E3E0}.Debug|x86.ActiveCfg = Debug|Win32
		{C4929FBE-6D99-4E0F-BD80-5E802483E3E0}.Debug|x86.Build.0 = Debug|Win32
		{C4929FBE-6D99-4E0F-BD80-5E802483E3E0}.Release|x64.ActiveCfg = Release|x64
		{C4929FBE-6D99-4E0F-BD80-5E802483E3E0}.Release|x64.Build.0 = Release|x64
		{C4929FBE-6D99-4E0F-BD80-5E802483E3E0}.Release|x86.ActiveCfg = Release|Win32
		{C4929FBE-6D99-4E0F-BD80-5E802483E3E0}.Release|x86.Build.0 = Release|Win32
		{5EACE1D7-D50E-4E8C-AF9F-8C199FE61C0B}.Debug|x64.ActiveCfg = Debug|x64
		{5EACE1D7-D50E-4E8C-AF9F-8C199FE61C0B}.Debug|x64.Build.0 = Debug|x64
		{5EACE1D7-D50E-4E8C-AF9F-8C199FE61C0B}.Debug|x86.ActiveCfg = Debug|Win32
		{5EACE1D7-D50E-4E8C-AF9F-8C199FE61C0B}.Debug|x86.Build.0 = Debug|Win32
		{5EACE1D7-D50E-4E8C-AF9F-8C199FE61C0B}.Release|x64.ActiveCfg = Release|x64
		{5EACE1D7-D50E-4E8C-AF9F-8C199FE61C0B}.Release|x64.Build.0 = Release|x64
		{5EACE1D7-D50E-4E8C-AF9F-8C199FE61C0B}.Release|x86.ActiveCfg = Release|Win32
		{5EACE1D7-D50E-4E8C-AF9F-8C199FE61C0B}.Release|x86.Build.0 = Release|Win32
		{6D1261FF-2C83-4283-9B58-662C430C4658}.Debug|x64.ActiveCfg = Debug|x64
		{6D1261FF-2C83-4283-9B58-662C430C4658}.Debug|x64.Build.0 = Debug|x64
		{6D1261FF-2C83-4283-9B58-662C430C4658}.Debug|x86.ActiveCfg = Debug|Win32
		{6D1261FF-2C83-4283-9B58-662C430C4658}.Debug|x86.Build.0 = Debug|Win32
		{6D1261FF-2C83-4283-9B58-662C430C4658}.Release|x64.ActiveCfg = Release|x64
		{6D1261FF-2C83-4283-9B58-662C430C4658}.Release|x64.Build.0 = Release|x64
		{6D1261FF-2C83-4283-9B58-662C430C4658}.Release|x86.ActiveCfg = Release|Win32
		{6D1261FF-2C83-4283-9B58-662C430C4658}.Release|x86.Build.0 = Release|Win32
		{4020F7FB-C720-4008-8B17-CEC7921D3F9B}.Debug|x64.ActiveCfg = Debug|x64
		{4020F7FB-C720-4008-8B17-CEC7921D3F9B}.Debug|x64.Build.0 = Debug|x64
		{4020F7FB-C720-4008-8B17-CEC7921D3F9B}.Debug|x86.ActiveCfg = Debug|Win32
		{4020F7FB-C720-4008-8B17-CEC7921D3F9B}.Debug|x86.Build.0 = Debug|Win32
		{4020F7FB-C720-4008-8B17-CEC7921D3F9B}.Release|x64.ActiveCfg = Release|x64
		{4020F7FB-C720-4008-8B17-CEC7921D3F9B}.Release|x64.Build.0 = Release|x64
		{4020F7FB-C720-4008-8B17-CEC7921D3F9B}.Release|x86.ActiveCfg = Release|Win32
		{4020F7FB-C720-4008-8B17-CEC7921D3F9B}.Release|x86.Build.0 = Release|Win32
		{5385A73E-EF2D-4526-8303-1BAF6B5F468A}.Debug|x64.ActiveCfg = Debug|x64
		{5385A73E-EF2D-4526-8303-1BAF6B5F468A}.Debug|x64.Build.0 = Debug|x64
		{5385A73E-EF2D-4526-8303-1BAF6B5F468A}.Debug|x86.ActiveCfg = Debug|Win32
		{5385A73E-EF2D-4526-8303-1BAF6B5F468A}.Debug|x86.Build.0 = Debug|Win32
		{5385A73E-EF2D-4526-8303-1BAF6B5F468A}.Release|x64.ActiveCfg = Release|x64
		{5385A73E-EF2D-4526-8303-1BAF6B5F468A}.Release|x64.Build.0 = Release|x64
		{5385A73E-EF2D-4526-8303-1BAF6B5F468A}.Release|x86.ActiveCfg = Release|Win32
		{5385A73E-EF2D-4526-8303-1BAF6B5F468A}.Release|x86.Build.0 = Release|Win32
		{EC9973CF-9BBF-4A36-8C51-62DB57CF1087}.Debug|x64.ActiveCfg = Debug|x64
		{EC9973CF-9BBF-4A36-8C51-62DB57CF1087}.Debug|x64.Build.0 = Debug|x64
		{EC9973CF-9BBF-4A36-8C51-62DB57CF1087}.Debug|x86.ActiveCfg = Debug|Win32
		{EC9973CF-9BBF-4A36-8C51-62DB57CF1087}.Debug|x86.Build.0 = Debug|Win32
		{EC9973CF-9BBF-4A36-8C51-62DB57CF1087}.Release|x64.ActiveCfg = Release|x64
		{EC9973CF-9BBF-4A36-8C51-62DB57CF1087}.Release|x64.Build.0 = Release|x64
		{EC9973CF-9BBF-4A36-8C51-62DB57CF1087}.Release|x86.ActiveCfg = Release|Win32
		{EC9973CF-9BBF-4A36-8C51-62DB57CF1087}.Release|x86.Build.0 = Release|Win32
		{4A086953-9414-4B1F-9D58-8E9595C96325}.Debug|x64.ActiveCfg = Debug|x64
		{4A086953-9414-4B1F-9D58-8E9595C96325}.Debug|x64.Build.0 = Debug|x64
		{4A086953-9414-4B1F-9D58-8E9595C96325}.Debug|x86.ActiveCfg = Debug|Win32
		{4A086953-9414-4B1F-9D58-8E9595C96325}.Debug|x86.Build.0 = Debug|Win32
		{4A086953-9414-4B1F-9D58-8E9595C96325}.Release|x64.ActiveCfg = Release|x64
		{4A086953-9414-4B1F-9D58-8E9595C96325}.Release|x64.Build.0 = Release|x64
		{4A086953-9414-4B1F-9D58-8E9595C96325}.Release|x86.ActiveCfg = Release|Win32
		{4A086953-9414-4B1F-9D58-8E9595C96325}.Release|x86.Build.0 = Release|Win32
		{0486BDAA-9545-488E-B877-D2FB8CBF598D}.Debug|x64.ActiveCfg = Debug|x64
		{0486BDAA-9545-488E-B877-D2FB8CBF598D}.Debug|x64.Build.0 = Debug|x64
		{0486BDAA-9545-488E-B877-D2FB8CBF598D}.Debug|x86.ActiveCfg = Debug|Win32
		{0486BDAA-9545-488E-B877-D2FB8CBF598D}.Debug|x86.Build.0 = Debug|Win32
		{0486BDAA-9545-488E-B877-D2FB8CBF598D}.Release|x64.ActiveCfg = Release|x64
		{0486BDAA-9545-488E-B877-D2FB8CBF598D}.Release|x64.Build.0 = Release|x64
		{0486BDAA-9545-488E-B877-D2FB8CBF598D}.Release|x86.ActiveCfg = Release|Win32
		{0486BDAA-9545-488E-B877-D2FB8CBF598D}.Release|x86.Build.0 = Release|Win32
		{E9373145-BAAF-4BBB-9C1C-C67C949CFD84}.Debug|x64.ActiveCfg = Debug|x64
		{E9373145-BAAF-4BBB-9C1C-C67C949CFD84}.Debug|x64.Build.0 = Debug|x64
		{E9373145-BAAF-4BBB-9C1C-C67C949CFD84}.Debug|x86.ActiveCfg = Debug|Win32
		{E9373145-BAAF-4BBB-9C1C-C67C949CFD84}.Debug|x86.Build.0 = Debug|Win32
		{E9373145-BAAF-4BBB-9C1C-C67C949CFD84}.Release|x64.ActiveCfg = Release|x64
		{E9373145-BAAF-4BBB-9C1C-C67C949CFD84}.Release|x64.Build.0 = Release|x64
		{E9373145-BAAF-4BBB-9C1C-C67C949CFD84}.Release|x86.ActiveCfg = Release|Win32
		{E9373145-BAAF-4BBB-9C1C-C67C949CFD84}.Release|x86.Build.0 = Release|Win32
		{9E3E796E-60B0-4FDB-B9A0-49287296987C}.Debug|x64.ActiveCfg = Debug|x64
		{9E3E796E-60B0-4FDB-B9A0-49287296987C}.Debug|x64.Build.0 = Debug|x64
		{9E3E796E-60B0-4FDB-B9A0-49287296987C}.Debug|x86.ActiveCfg = Debug|Win32
		{9E3E796E-60B0-4FDB-B9A0-49287296987C}.Debug|x86.Build.0 = Debug|Win32
		{9E3E796E-60B0-4FDB-B9A0-49287296987C}.Release|x64.ActiveCfg = Release|x64
		{9E3E796E-60B0-4FDB-B9A0-49287296987C}.Release|x64.Build.0 = Release|x64
		{9E3E796E-60B0-4FDB-B9A0-49287296987C}.Release|x86.ActiveCfg = Release|Win32
		{9E3E796E-60B0-4FDB-B9A0-49287296987C}.Release|x86.Build.0 = Release|Win32
		{D4118E77-AF16-4C3E-B110-8ACB4689E793}.Debug|x64.ActiveCfg = Debug|x64
		{D4118E77-AF16-4C3E-B110-8ACB4689E793}.Debug|x64.Build.0 = Debug|x64
		{D4118E77-AF16-4C3E-B110-8ACB4689E793}.Debug|x86.ActiveCfg = Debug|Win32
		{D4118E77-AF16-4C3E-B110-8ACB4689E793}.Debug|x86.Build.0 = Debug|Win32
		{D4118E77-AF16-4C3E-B110-8ACB4689E793}.Release|x64.ActiveCfg = Release|x64
		{D4118E77-AF16-4C3E-B110-8ACB4689E793}.Release|x64.Build.0 = Release|x64
		{D4118E77-AF16-4C3E-B110-8ACB4689E793}.Release|x86.ActiveCfg = Release|Win32
		{D4118E77-AF16-4C3E-B110-8ACB4689E793}.Release|x86.Build.0 = Release|Win32
		{710D4CFB-7385-4FBC-954E-163643A2F70D}.Debug|x64.ActiveCfg = Debug|x64
		{710D4CFB-7385-4FBC-954E-163643A2F70D}.Debug|x64.Build.0 = Debug|x64
		{710D4CFB-7385-4FBC-954E-163643A2F70D}.Debug|x86.ActiveCfg = Debug|Win32
		{710D4CFB-7385-4FBC-954E-163643A2F70D}.Debug|x86.Build.0 = Debug|Win32
		{710D4CFB-7385-4FBC-954E-163643A2F70D}.Release|x64.ActiveCfg = Release|x64
		{710D4CFB-7385-4FBC-954E-163643A2F70D}.Release|x64.Build.0 = Release|x64
		{710D4CFB-7385-4FBC-954E-163643A2F70D}.Release|x86.ActiveCfg = Release|Win32
		{710D4CFB-7385-4FBC-954E-163643A2F70D}.Release|x86.Build.0 = Release|Win32
		{7597F226-2812-45A0-B685-77DD55804375}.Debug|x64.ActiveCfg = Debug|x64
		{7597F226-2812-45A0-B685-77DD55804375}.Debug|x64.Build.0 = Debug|x64
		{7597F226-2812-45A0-B685-77DD55804375}.Debug|x86.ActiveCfg = Debug|Win32
		{7597F226-2812-45A0-B685-77DD55804375}.Debug|x86.Build.0 = Debug|Win32
		{7597F226-2812-45A0-B685-77DD55804375}.Release|x64.ActiveCfg = Release|x64
		{7597F226-2812-45A0-B685-77DD55804375}.Release|x64.Build.0 = Release|x64
		{7597F226-2812-45A0-B685-77DD55804375}.Release|x86.ActiveCfg = Release|Win32
		{7597F226-2812-45A0-B685-77DD55804375}.Release|x86.Build.0 = Release|Win32
		{DA39B849-74FA-4857-85D0-DF11A93A2370}.Debug|x64.ActiveCfg = Debug|x64
		{DA39B849-74FA-4857-85D0-DF11A93A2370}.Debug|x64.Build.0 = Debug|x64
		{DA39B849-74FA-4857-85D0-DF11A93A2370}.Debug|x86.ActiveCfg = Debug|Win32
		{DA39B849-74FA-4857-85D0-DF11A93A2370}.Debug|x86.Build.0 = Debug|Win32
		{DA39B849-74FA-4857-85D0-DF11A93A2370}.Release|x64.ActiveCfg = Release|x64
		{DA39B849-74FA-4857-85D0-DF11A93A2370}.Release|x64.Build.0 = Release|x64
		{DA39B849-74FA-4857-85D0-DF11A93A2370}.Release|x86.ActiveCfg = Release|Win32
		{DA39B849-74FA-4857-85D0-DF11A93A2370}.Release|x86.Build.0 = Release|Win32
		{F03A0CDD-8685-4210-B732-B6D53117AFB6}.Debug|x64.ActiveCfg = Debug|x64
		{F03A0CDD-8685-4210-B732-B6D53117AFB6}.Debug|x64.Build.0 = Debug|x64
		{F03A0CDD-8685-4210-B732-B6D53117AFB6}.Debug|x86.ActiveCfg = Debug|Win32
		{F03A0CDD-8685-4210-B732-B6D53117AFB6}.Debug|x86.Build.0 = Debug|Win32
		{F03A0CDD-8685-4210-B732-B6D53117AFB6}.Release|x64.ActiveCfg = Release|x64
		{F03A0CDD-8685-4210-B732-B6D53117AFB6}.Release|x64.Build.0 = Release|x64
		{F03A0CDD-8685-4210-B732-B6D53117AFB6}.Release|x86.ActiveCfg = Release|Win32
		{F03A0CDD-8685-4210-B732-B6D53117AFB6}.Release|x86.Build.0 = Release|Win32
		{095A409B-92A1-46E7-B4E9-E7E2ABAF952F}.Debug|x64.ActiveCfg = Debug|x64
		{095A409B-92A1-46E7-B4E9-E7E2ABAF952F}.Debug|x64.Build.0 = Debug|x64
		{095A409B-92A1-46E7-B4E9-E7E2ABAF952F}.Debug|x86.ActiveCfg = Debug|Win32
		{095A409B-92A1-46E7-B4E9-E7E2ABAF952F}.Debug|x86.Build.0 = Debug|Win32
		{095A409B-92A1-46E7-B4E9-E7E2ABAF952F}.Release|x64.ActiveCfg = Release|x64
		{095A409B-92A1-46E7-B4E9-E7E2ABAF952F}.Release|x64.Build.0 = Release|x64
		{095A409B-92A1-46E7-B4E9-E7E2ABAF952F}.Release|x86.ActiveCfg = Release|Win32
		{095A409B-92A1-46E7-B4E9-E7E2ABAF952F}.Release|x86.Build.0 = Release|Win32
		{098DD7F1-A820-4EB4-93CE-2890A163E7DD}.Debug|x64.ActiveCfg = Debug|x64
		{098DD7F1-A820-4EB4-93CE-2890A163E7DD}.Debug|x64.Build.0 = Debug|x64
		{098DD7F1-A820-4EB4-93CE-2890A163E7DD}.Debug|x86.ActiveCfg = Debug|Win32
		{098DD7F1-A820-4EB4-93CE-2890A163E7DD}.Debug|x86.Build.0 = Debug|Win32
		{098DD7F1-A820-4EB4-93CE-2890A163E7DD}.Release|x64.ActiveCfg = Release|x64
		{098DD7F1-A820-4EB4-93CE-2890A163E7DD}.Release|x64.Build.0 = Release|x64
		{098DD7F1-A820-4EB4-93CE-2890A163E7DD}.Release|x86.ActiveCfg = Release|Win32
		{098DD7F1-A820-4EB4-93CE-2890A163E7DD}.Release|x86.Build.0 = Release|Win32
		{D400E860-F605-474E-BC56-65265AF06DA7}.Debug|x64.ActiveCfg = Debug|x64
		{D400E860-F605-474E-BC56-65265AF06DA7}.Debug|x64.Build.0 = Debug|x64
		{D400E860-F605-474E-BC56-65265AF06DA7}.Debug|x86.ActiveCfg = Debug|Win32
		{D400E860-F605-474E-BC56-65265AF06DA7}.Debug|x86.Build.0 = Debug|Win32
		{D400E860-F605-474E-BC56-65265AF06DA7}.Release|x64.ActiveCfg = Release|x64
		{D400E860-F605-474E-BC56-65265AF06DA7}.Release|x64.Build.0 = Release|x64
		{D400E860-F605-474E-BC56-65265AF06DA7}.Release|x86.ActiveCfg = Release|Win32
		{D400E860-F605-474E-BC56-65265AF06DA7}.Release|x86.Build.0 = Release|Win32
		{0D5475B8-5DBB-409D-80BC-F746625AA350}.Debug|x64.ActiveCfg = Debug|x64
		{0D5475B8-5DBB-409D-80BC-F746625AA350}.Debug|x64.Build.0 = Debug|x64
		{0D5475B8-5DBB-409D-80BC-F746625AA350}.Debug|x86.ActiveCfg = Debug|Win32
		{0D5475B8-5DBB-409D-80BC-F746625AA350}.Debug|x86.Build.0 = Debug|Win32
		{0D5475B8-5DBB-409D-80BC-F746625AA350}.Release|x64.ActiveCfg = Release|x64
		{0D5475B8-5DBB-409D-80BC-F746625AA350}.Release|x64.Build.0 = Release|x64
		{0D5475B8-5DBB-409D-80BC-F746625AA350}.Release|x86.ActiveCfg = Release|Win32
		{0D5475B8-5DBB-409D-80BC-F746625AA350}.Release|x86.Build.0 = Release|Win32
		{EEC65613-2C54-4FDF-9FE5-FDFB8AF15F8F}.Debug|x64.ActiveCfg = Debug|x64
		{EEC65613-2C54-4FDF-9FE5-FDFB8AF15F8F}.Debug|x64.Build.0 = Debug|x64
		{EEC65613-2C54-4FDF-9FE5-FDFB8AF15F8F}.Debug|x86.ActiveCfg = Debug|Win32
		{EEC65613-2C54-4FDF-9FE5-FDFB8AF15F8F}.Debug|x86.Build.0 = Debug|Win32
		{EEC65613-2C54-4FDF-9FE5-FDFB8AF15F8F}.Release|x64.ActiveCfg = Release|x64
		{EEC65613-2C54-4FDF-9FE5-FDFB8AF15F8F}.Release|x64.Build.0 = Release|x64
		{EEC65613-2C54-4FDF-9FE5-FDFB8AF15F8F}.Release|x86.ActiveCfg = Release|Win32
		{EEC65613-2C54-4FDF-9FE5-FDFB8AF15F8F}.Release|x86.Build.0 = Release|Win32
		{B5E8D3D0-9BB7-4A19-8331-8CAC887CEBE3}.Debug|x64.ActiveCfg = Debug|x64
		{B5E8D3D0-9BB7-4A19-8331-8CAC887CEBE3}.Debug|x64.Build.0 = Debug|x64
		{B5E8D3D0-9BB7-4A19-8331-8CAC887CEBE3}.Debug|x86.ActiveCfg = Debug|Win32
		{B5E8D3D0-9BB7-4A19-8331-8CAC887CEBE3}.Debug|x86.Build.0 = Debug|Win32
		{B5E8D3D0-9BB7-4A19-8331-8CAC887CEBE3}.Release|x64.ActiveCfg = Release|x64
		{B5E8D3D0-9BB7-4A19-8331-8CAC887CEBE3}.Release|x64.Build.0 = Release|x64
		{B5E8D3D0-9BB7-4A19-8331-8CAC887CEBE3}.Release|x86.ActiveCfg = Release|Win32
		{B5E8D3D0-9BB7-4A19-8331-8CAC887CEBE3}.Release|x86.Build.0 = Release|Win32
	EndGlobalSection
	GlobalSection(SolutionProperties) = preSolution
		HideSolutionNode = FALSE
	EndGlobalSection
EndGlobal
