
Microsoft Visual Studio Solution File, Format Version 12.00
# Visual Studio 14
VisualStudioVersion = 14.0.25420.1
MinimumVisualStudioVersion = 10.0.40219.1
Project("{8BC9CEB8-8B4A-11D0-8D11-00A0C91BC942}") = "FirstPositionOfTarget", "FirstPositionOfTarget\FirstPositionOfTarget.vcxproj", "{F32DACB2-A60B-475D-9EF7-DE2AD7EC7A25}"
EndProject
Project("{8BC9CEB8-8B4A-11D0-8D11-00A0C91BC942}") = "Fibonacci", "Fibonacci\Fibonacci.vcxproj", "{BFB6979A-D35E-4621-A9E1-6D039F8789FD}"
EndProject
Project("{8BC9CEB8-8B4A-11D0-8D11-00A0C91BC942}") = "BigIntegerMultiplication", "BigIntegerMultiplication\BigIntegerMultiplication.vcxproj", "{C9F24E84-2CCB-4FEB-A1AD-E855EDB2D66B}"
EndProject
Project("{8BC9CEB8-8B4A-11D0-8D11-00A0C91BC942}") = "BigIntegerAddition", "BigIntegerAddition\BigIntegerAddition.vcxproj", "{6202E453-2259-4010-8CAA-53222818DC02}"
EndProject
Project("{8BC9CEB8-8B4A-11D0-8D11-00A0C91BC942}") = "IntersectionOfTwoArrays", "IntersectionOfTwoArrays\IntersectionOfTwoArrays.vcxproj", "{0A63F998-9522-4953-B23F-33A961E8EF17}"
EndProject
Project("{8BC9CEB8-8B4A-11D0-8D11-00A0C91BC942}") = "InsertionSortList", "InsertionSortList\InsertionSortList.vcxproj", "{E1B8E9CF-E0AB-4ABE-B79D-00D24CC4E076}"
EndProject
Project("{8BC9CEB8-8B4A-11D0-8D11-00A0C91BC942}") = "ReversePairs", "ReversePairs\ReversePairs.vcxproj", "{1991A2F2-5940-4B2C-B8AA-BB531F35AAAC}"
EndProject
Project("{8BC9CEB8-8B4A-11D0-8D11-00A0C91BC942}") = "DigitCounts", "DigitCounts\DigitCounts.vcxproj", "{16EF7155-0607-4F01-9310-75E65B2D7822}"
EndProject
Project("{8BC9CEB8-8B4A-11D0-8D11-00A0C91BC942}") = "TrailingZeros", "TrailingZeros\TrailingZeros.vcxproj", "{7BFD6191-3063-4748-979E-57B0434081A0}"
EndProject
Project("{8BC9CEB8-8B4A-11D0-8D11-00A0C91BC942}") = "UglyNumberII", "UglyNumberII\UglyNumberII.vcxproj", "{C4929FBE-6D99-4E0F-BD80-5E802483E3E0}"
EndProject
Project("{8BC9CEB8-8B4A-11D0-8D11-00A0C91BC942}") = "MergeTwoSortedArrays", "MergeTwoSortedArrays\MergeTwoSortedArrays.vcxproj", "{5EACE1D7-D50E-4E8C-AF9F-8C199FE61C0B}"
EndProject
Project("{8BC9CEB8-8B4A-11D0-8D11-00A0C91BC942}") = "BinaryTreeSerialization", "BinaryTreeSerialization\BinaryTreeSerialization.vcxproj", "{6D1261FF-2C83-4283-9B58-662C430C4658}"
EndProject
Project("{8BC9CEB8-8B4A-11D0-8D11-00A0C91BC942}") = "RotateString", "RotateString\RotateString.vcxproj", "{4020F7FB-C720-4008-8B17-CEC7921D3F9B}"
EndProject
Project("{8BC9CEB8-8B4A-11D0-8D11-00A0C91BC942}") = "ReverseLinkedList", "ReverseLinkedList\ReverseLinkedList.vcxproj", "{5385A73E-EF2D-4526-8303-1BAF6B5F468A}"
EndProject
Project("{8BC9CEB8-8B4A-11D0-8D11-00A0C91BC942}") = "NQueens", "NQueens\NQueens.vcxproj", "{EC9973CF-9BBF-4A36-8C51-62DB57CF1087}"
EndProject
Project("{8BC9CEB8-8B4A-11D0-8D11-00A0C91BC942}") = "ImplementQueueByTwoStacks", "ImplementQueueByTwoStacks\ImplementQueueByTwoStacks.vcxproj", "{4A086953-9414-4B1F-9D58-8E9595C96325}"
EndProject
Global
	GlobalSection(SolutionConfigurationPlatforms) = preSolution
		Debug|x64 = Debug|x64
		Debug|x86 = Debug|x86
		Release|x64 = Release|x64
		Release|x86 = Release|x86
	EndGlobalSection
	GlobalSection(ProjectConfigurationPlatforms) = postSolution
		{F32DACB2-A60B-475D-9EF7-DE2AD7EC7A25}.Debug|x64.ActiveCfg = Debug|x64
		{F32DACB2-A60B-475D-9EF7-DE2AD7EC7A25}.Debug|x64.Build.0 = Debug|x64
		{F32DACB2-A60B-475D-9EF7-DE2AD7EC7A25}.Debug|x86.ActiveCfg = Debug|Win32
		{F32DACB2-A60B-475D-9EF7-DE2AD7EC7A25}.Debug|x86.Build.0 = Debug|Win32
		{F32DACB2-A60B-475D-9EF7-DE2AD7EC7A25}.Release|x64.ActiveCfg = Release|x64
		{F32DACB2-A60B-475D-9EF7-DE2AD7EC7A25}.Release|x64.Build.0 = Release|x64
		{F32DACB2-A60B-475D-9EF7-DE2AD7EC7A25}.Release|x86.ActiveCfg = Release|Win32
		{F32DACB2-A60B-475D-9EF7-DE2AD7EC7A25}.Release|x86.Build.0 = Release|Win32
		{BFB6979A-D35E-4621-A9E1-6D039F8789FD}.Debug|x64.ActiveCfg = Debug|x64
		{BFB6979A-D35E-4621-A9E1-6D039F8789FD}.Debug|x64.Build.0 = Debug|x64
		{BFB6979A-D35E-4621-A9E1-6D039F8789FD}.Debug|x86.ActiveCfg = Debug|Win32
		{BFB6979A-D35E-4621-A9E1-6D039F8789FD}.Debug|x86.Build.0 = Debug|Win32
		{BFB6979A-D35E-4621-A9E1-6D039F8789FD}.Release|x64.ActiveCfg = Release|x64
		{BFB6979A-D35E-4621-A9E1-6D039F8789FD}.Release|x64.Build.0 = Release|x64
		{BFB6979A-D35E-4621-A9E1-6D039F8789FD}.Release|x86.ActiveCfg = Release|Win32
		{BFB6979A-D35E-4621-A9E1-6D039F8789FD}.Release|x86.Build.0 = Release|Win32
		{C9F24E84-2CCB-4FEB-A1AD-E855EDB2D66B}.Debug|x64.ActiveCfg = Debug|x64
		{C9F24E84-2CCB-4FEB-A1AD-E855EDB2D66B}.Debug|x64.Build.0 = Debug|x64
		{C9F24E84-2CCB-4FEB-A1AD-E855EDB2D66B}.Debug|x86.ActiveCfg = Debug|Win32
		{C9F24E84-2CCB-4FEB-A1AD-E855EDB2D66B}.Debug|x86.Build.0 = Debug|Win32
		{C9F24E84-2CCB-4FEB-A1AD-E855EDB2D66B}.Release|x64.ActiveCfg = Release|x64
		{C9F24E84-2CCB-4FEB-A1AD-E855EDB2D66B}.Release|x64.Build.0 = Release|x64
		{C9F24E84-2CCB-4FEB-A1AD-E855EDB2D66B}.Release|x86.ActiveCfg = Release|Win32
		{C9F24E84-2CCB-4FEB-A1AD-E855EDB2D66B}.Release|x86.Build.0 = Release|Win32
		{6202E453-2259-4010-8CAA-53222818DC02}.Debug|x64.ActiveCfg = Debug|x64
		{6202E453-2259-4010-8CAA-53222818DC02}.Debug|x64.Build.0 = Debug|x64
		{6202E453-2259-4010-8CAA-53222818DC02}.Debug|x86.ActiveCfg = Debug|Win32
		{6202E453-2259-4010-8CAA-53222818DC02}.Debug|x86.Build.0 = Debug|Win32
		{6202E453-2259-4010-8CAA-53222818DC02}.Release|x64.ActiveCfg = Release|x64
		{6202E453-2259-4010-8CAA-53222818DC02}.Release|x64.Build.0 = Release|x64
		{6202E453-2259-4010-8CAA-53222818DC02}.Release|x86.ActiveCfg = Release|Win32
		{6202E453-2259-4010-8CAA-53222818DC02}.Release|x86.Build.0 = Release|Win32
		{0A63F998-9522-4953-B23F-33A961E8EF17}.Debug|x64.ActiveCfg = Debug|x64
		{0A63F998-9522-4953-B23F-33A961E8EF17}.Debug|x64.Build.0 = Debug|x64
		{0A63F998-9522-4953-B23F-33A961E8EF17}.Debug|x86.ActiveCfg = Debug|Win32
		{0A63F998-9522-4953-B23F-33A961E8EF17}.Debug|x86.Build.0 = Debug|Win32
		{0A63F998-9522-4953-B23F-33A961E8EF17}.Release|x64.ActiveCfg = Release|x64
		{0A63F998-9522-4953-B23F-33A961E8EF17}.Release|x64.Build.0 = Release|x64
		{0A63F998-9522-4953-B23F-33A961E8EF17}.Release|x86.ActiveCfg = Release|Win32
		{0A63F998-9522-4953-B23F-33A961E8EF17}.Release|x86.Build.0 = Release|Win32
		{E1B8E9CF-E0AB-4ABE-B79D-00D24CC4E076}.Debug|x64.ActiveCfg = Debug|x64
		{E1B8E9CF-E0AB-4ABE-B79D-00D24CC4E076}.Debug|x64.Build.0 = Debug|x64
		{E1B8E9CF-E0AB-4ABE-B79D-00D24CC4E076}.Debug|x86.ActiveCfg = Debug|Win32
		{E1B8E9CF-E0AB-4ABE-B79D-00D24CC4E076}.Debug|x86.Build.0 = Debug|Win32
		{E1B8E9CF-E0AB-4ABE-B79D-00D24CC4E076}.Release|x64.ActiveCfg = Release|x64
		{E1B8E9CF-E0AB-4ABE-B79D-00D24CC4E076}.Release|x64.Build.0 = Release|x64
		{E1B8E9CF-E0AB-4ABE-B79D-00D24CC4E076}.Release|x86.ActiveCfg = Release|Win32
		{E1B8E9CF-E0AB-4ABE-B79D-00D24CC4E076}.Release|x86.Build.0 = Release|Win32
		{1991A2F2-5940-4B2C-B8AA-BB531F35AAAC}.Debug|x64.ActiveCfg = Debug|x64
		{1991A2F2-5940-4B2C-B8AA-BB531F35AAAC}.Debug|x64.Build.0 = Debug|x64
		{1991A2F2-5940-4B2C-B8AA-BB531F35AAAC}.Debug|x86.ActiveCfg = Debug|Win32
		{1991A2F2-5940-4B2C-B8AA-BB531F35AAAC}.Debug|x86.Build.0 = Debug|Win32
		{1991A2F2-5940-4B2C-B8AA-BB531F35AAAC}.Release|x64.ActiveCfg = Release|x64
		{1991A2F2-5940-4B2C-B8AA-BB531F35AAAC}.Release|x64.Build.0 = Release|x64
		{1991A2F2-5940-4B2C-B8AA-BB531F35AAAC}.Release|x86.ActiveCfg = Release|Win32
		{1991A2F2-5940-4B2C-B8AA-BB531F35AAAC}.Release|x86.Build.0 = Release|Win32
		{16EF7155-0607-4F01-9310-75E65B2D7822}.Debug|x64.ActiveCfg = Debug|x64
		{16EF7155-0607-4F01-9310-75E65B2D7822}.Debug|x64.Build.0 = Debug|x64
		{16EF7155-0607-4F01-9310-75E65B2D7822}.Debug|x86.ActiveCfg = Debug|Win32
		{16EF7155-0607-4F01-9310-75E65B2D7822}.Debug|x86.Build.0 = Debug|Win32
		{16EF7155-0607-4F01-9310-75E65B2D7822}.Release|x64.ActiveCfg = Release|x64
		{16EF7155-0607-4F01-9310-75E65B2D7822}.Release|x64.Build.0 = Release|x64
		{16EF7155-0607-4F01-9310-75E65B2D7822}.Release|x86.ActiveCfg = Release|Win32
		{16EF7155-0607-4F01-9310-75E65B2D7822}.Release|x86.Build.0 = Release|Win32
		{7BFD6191-3063-4748-979E-57B0434081A0}.Debug|x64.ActiveCfg = Debug|x64
		{7BFD6191-3063-4748-979E-57B0434081A0}.Debug|x64.Build.0 = Debug|x64
		{7BFD6191-3063-4748-979E-57B0434081A0}.Debug|x86.ActiveCfg = Debug|Win32
		{7BFD6191-3063-4748-979E-57B0434081A0}.Debug|x86.Build.0 = Debug|Win32
		{7BFD6191-3063-4748-979E-57B0434081A0}.Release|x64.ActiveCfg = Release|x64
		{7BFD6191-3063-4748-979E-57B0434081A0}.Release|x64.Build.0 = Release|x64
		{7BFD6191-3063-4748-979E-57B0434081A0}.Release|x86.ActiveCfg = Release|Win32
		{7BFD6191-3063-4748-979E-57B0434081A0}.Release|x86.Build.0 = Release|Win32
		{C4929FBE-6D99-4E0F-BD80-5E802483E3E0}.Debug|x64.ActiveCfg = Debug|x64
		{C4929FBE-6D99-4E0F-BD80-5E802483E3E0}.Debug|x64.Build.0 = Debug|x64
		{C4929FBE-6D99-4E0F-BD80-5E802483E3E0}.Debug|x86.ActiveCfg = Debug|Win32
		{C4929FBE-6D99-4E0F-BD80-5E802483E3E0}.Debug|x86.Build.0 = Debug|Win32
		{C4929FBE-6D99-4E0F-BD80-5E802483E3E0}.Release|x64.ActiveCfg = Release|x64
		{C4929FBE-6D99-4E0F-BD80-5E802483E3E0}.Release|x64.Build.0 = Release|x64
		{C4929FBE-6D99-4E0F-BD80-5E802483E3E0}.Release|x86.ActiveCfg = Release|Win32
		{C4929FBE-6D99-4E0F-BD80-5E802483E3E0}.Release|x86.Build.0 = Release|Win32
		{5EACE1D7-D50E-4E8C-AF9F-8C199FE61C0B}.Debug|x64.ActiveCfg = Debug|x64
		{5EACE1D7-D50E-4E8C-AF9F-8C199FE61C0B}.Debug|x64.Build.0 = Debug|x64
		{5EACE1D7-D50E-4E8C-AF9F-8C199FE61C0B}.Debug|x86.ActiveCfg = Debug|Win32
		{5EACE1D7-D50E-4E8C-AF9F-8C199FE61C0B}.Debug|x86.Build.0 = Debug|Win32
		{5EACE1D7-D50E-4E8C-AF9F-8C199FE61C0B}.Release|x64.ActiveCfg = Release|x64
		{5EACE1D7-D50E-4E8C-AF9F-8C199FE61C0B}.Release|x64.Build.0 = Release|x64
		{5EACE1D7-D50E-4E8C-AF9F-8C199FE61C0B}.Release|x86.ActiveCfg = Release|Win32
		{5EACE1D7-D50E-4E8C-AF9F-8C199FE61C0B}.Release|x86.Build.0 = Release|Win32
		{6D1261FF-2C83-4283-9B58-662C430C4658}.Debug|x64.ActiveCfg = Debug|x64
		{6D1261FF-2C83-4283-9B58-662C430C4658}.Debug|x64.Build.0 = Debug|x64
		{6D1261FF-2C83-4283-9B58-662C430C4658}.Debug|x86.ActiveCfg = Debug|Win32
		{6D1261FF-2C83-4283-9B58-662C430C4658}.Debug|x86.Build.0 = Debug|Win32
		{6D1261FF-2C83-4283-9B58-662C430C4658}.Release|x64.ActiveCfg = Release|x64
		{6D1261FF-2C83-4283-9B58-662C430C4658}.Release|x64.Build.0 = Release|x64
		{6D1261FF-2C83-4283-9B58-662C430C4658}.Release|x86.ActiveCfg = Release|Win32
		{6D1261FF-2C83-4283-9B58-662C430C4658}.Release|x86.Build.0 = Release|Win32
		{4020F7FB-C720-4008-8B17-CEC7921D3F9B}.Debug|x64.ActiveCfg = Debug|x64
		{4020F7FB-C720-4008-8B17-CEC7921D3F9B}.Debug|x64.Build.0 = Debug|x64
		{4020F7FB-C720-4008-8B17-CEC7921D3F9B}.Debug|x86.ActiveCfg = Debug|Win32
		{4020F7FB-C720-4008-8B17-CEC7921D3F9B}.Debug|x86.Build.0 = Debug|Win32
		{4020F7FB-C720-4008-8B17-CEC7921D3F9B}.Release|x64.ActiveCfg = Release|x64
		{4020F7FB-C720-4008-8B17-CEC7921D3F9B}.Release|x64.Build.0 = Release|x64
		{4020F7FB-C720-4008-8B17-CEC7921D3F9B}.Release|x86.ActiveCfg = Release|Win32
		{4020F7FB-C720-4008-8B17-CEC7921D3F9B}.Release|x86.Build.0 = Release|Win32
		{5385A73E-EF2D-4526-8303-1BAF6B5F468A}.Debug|x64.ActiveCfg = Debug|x64
		{5385A73E-EF2D-4526-8303-1BAF6B5F468A}.Debug|x64.Build.0 = Debug|x64
		{5385A73E-EF2D-4526-8303-1BAF6B5F468A}.Debug|x86.ActiveCfg = Debug|Win32
		{5385A73E-EF2D-4526-8303-1BAF6B5F468A}.Debug|x86.Build.0 = Debug|Win32
		{5385A73E-EF2D-4526-8303-1BAF6B5F468A}.Release|x64.ActiveCfg = Release|x64
		{5385A73E-EF2D-4526-8303-1BAF6B5F468A}.Release|x64.Build.0 = Release|x64
		{5385A73E-EF2D-4526-8303-1BAF6B5F468A}.Release|x86.ActiveCfg = Release|Win32
		{5385A73E-EF2D-4526-8303-1BAF6B5F468A}.Release|x86.Build.0 = Release|Win32
		{EC9973CF-9BBF-4A36-8C51-62DB57CF1087}.Debug|x64.ActiveCfg = Debug|x64
		{EC9973CF-9BBF-4A36-8C51-62DB57CF1087}.Debug|x64.Build.0 = Debug|x64
		{EC9973CF-9BBF-4A36-8C51-62DB57CF1087}.Debug|x86.ActiveCfg = Debug|Win32
		{EC9973CF-9BBF-4A36-8C51-62DB57CF1087}.Debug|x86.Build.0 = Debug|Win32
		{EC9973CF-9BBF-4A36-8C51-62DB57CF1087}.Release|x64.ActiveCfg = Release|x64
		{EC9973CF-9BBF-4A36-8C51-62DB57CF1087}.Release|x64.Build.0 = Release|x64
		{EC9973CF-9BBF-4A36-8C51-62DB57CF1087}.Release|x86.ActiveCfg = Release|Win32
		{EC9973CF-9BBF-4A36-8C51-62DB57CF1087}.Release|x86.Build.0 = Release|Win32
		{4A086953-9414-4B1F-9D58-8E9595C96325}.Debug|x64.ActiveCfg = Debug|x64
		{4A086953-9414-4B1F-9D58-8E9595C96325}.Debug|x64.Build.0 = Debug|x64
		{4A086953-9414-4B1F-9D58-8E9595C96325}.Debug|x86.ActiveCfg = Debug|Win32
		{4A086953-9414-4B1F-9D58-8E9595C96325}.Debug|x86.Build.0 = Debug|Win32
		{4A086953-9414-4B1F-9D58-8E9595C96325}.Release|x64.ActiveCfg = Release|x64
		{4A086953-9414-4B1F-9D58-8E9595C96325}.Release|x64.Build.0 = Release|x64
		{4A086953-9414-4B1F-9D58-8E9595C96325}.Release|x86.ActiveCfg = Release|Win32
		{4A086953-9414-4B1F-9D58-8E9595C96325}.Release|x86.Build.0 = Release|Win32
	EndGlobalSection
	GlobalSection(SolutionProperties) = preSolution
		HideSolutionNode = FALSE
	EndGlobalSection
EndGlobal
